
Microsoft Visual Studio Solution File, Format Version 12.00
# Visual Studio Version 16
VisualStudioVersion = 16.0.30517.126
MinimumVisualStudioVersion = 10.0.40219.1
Project("{FAE04EC0-301F-11D3-BF4B-00C04F79EFBC}") = "AR_SSE", "AR_SSE\AR_SSE.csproj", "{7A0FDF55-6738-45F0-A3AA-A5CE4CDA705B}"
EndProject
Project("{FAE04EC0-301F-11D3-BF4B-00C04F79EFBC}") = "SSE.Model", "SSE.Model\SSE.Model.csproj", "{F6382AF3-1C32-40F7-A07D-A6F059478EBF}"
EndProject
Project("{FAE04EC0-301F-11D3-BF4B-00C04F79EFBC}") = "SSE.DAL", "SSE.DAL\SSE.DAL.csproj", "{7289CB1B-F81B-4DA6-B098-D8CA1C3D9EAB}"
EndProject
Global
	GlobalSection(SolutionConfigurationPlatforms) = preSolution
		Debug|Any CPU = Debug|Any CPU
		Release|Any CPU = Release|Any CPU
	EndGlobalSection
	GlobalSection(ProjectConfigurationPlatforms) = postSolution
		{7A0FDF55-6738-45F0-A3AA-A5CE4CDA705B}.Debug|Any CPU.ActiveCfg = Debug|Any CPU
		{7A0FDF55-6738-45F0-A3AA-A5CE4CDA705B}.Debug|Any CPU.Build.0 = Debug|Any CPU
		{7A0FDF55-6738-45F0-A3AA-A5CE4CDA705B}.Release|Any CPU.ActiveCfg = Release|Any CPU
		{7A0FDF55-6738-45F0-A3AA-A5CE4CDA705B}.Release|Any CPU.Build.0 = Release|Any CPU
		{F6382AF3-1C32-40F7-A07D-A6F059478EBF}.Debug|Any CPU.ActiveCfg = Debug|Any CPU
		{F6382AF3-1C32-40F7-A07D-A6F059478EBF}.Debug|Any CPU.Build.0 = Debug|Any CPU
		{F6382AF3-1C32-40F7-A07D-A6F059478EBF}.Release|Any CPU.ActiveCfg = Release|Any CPU
		{F6382AF3-1C32-40F7-A07D-A6F059478EBF}.Release|Any CPU.Build.0 = Release|Any CPU
		{7289CB1B-F81B-4DA6-B098-D8CA1C3D9EAB}.Debug|Any CPU.ActiveCfg = Debug|Any CPU
		{7289CB1B-F81B-4DA6-B098-D8CA1C3D9EAB}.Debug|Any CPU.Build.0 = Debug|Any CPU
		{7289CB1B-F81B-4DA6-B098-D8CA1C3D9EAB}.Release|Any CPU.ActiveCfg = Release|Any CPU
		{7289CB1B-F81B-4DA6-B098-D8CA1C3D9EAB}.Release|Any CPU.Build.0 = Release|Any CPU
	EndGlobalSection
	GlobalSection(SolutionProperties) = preSolution
		HideSolutionNode = FALSE
	EndGlobalSection
	GlobalSection(ExtensibilityGlobals) = postSolution
		SolutionGuid = {807DEFFC-4671-4631-B0DE-B0B423E1BB3F}
	EndGlobalSection
EndGlobal
